
Microsoft Visual Studio Solution File, Format Version 12.00
# Visual Studio Version 17
VisualStudioVersion = 17.0.31903.59
MinimumVisualStudioVersion = 10.0.40219.1
Project("{2150E333-8FDC-42A3-9474-1A3956D46DE8}") = "src", "src", "{827E0CD3-B72D-47B6-A68D-7590B98EB39B}"
EndProject
Project("{FAE04EC0-301F-11D3-BF4B-00C04F79EFBC}") = "NetPulse.App", "src\NetPulse.App\NetPulse.App.csproj", "{A723330E-4B4B-4175-884F-F979FD801780}"
EndProject
Project("{2150E333-8FDC-42A3-9474-1A3956D46DE8}") = "tests", "tests", "{0AB3BF05-4346-4AA6-1389-037BE0695223}"
EndProject
Project("{FAE04EC0-301F-11D3-BF4B-00C04F79EFBC}") = "NetPulse.Tests", "tests\NetPulse.Tests\NetPulse.Tests.csproj", "{013E42A9-FA77-4EF5-8866-58D583B7645C}"
EndProject
Project("{FAE04EC0-301F-11D3-BF4B-00C04F79EFBC}") = "NetPulse.Setup", "src\NetPulse.Setup\NetPulse.Setup.csproj", "{45670CB5-767C-4DE5-8DAA-836F6CB7CEB5}"
EndProject
Global
	GlobalSection(SolutionConfigurationPlatforms) = preSolution
		Debug|Any CPU = Debug|Any CPU
		Debug|x64 = Debug|x64
		Debug|x86 = Debug|x86
		Release|Any CPU = Release|Any CPU
		Release|x64 = Release|x64
		Release|x86 = Release|x86
	EndGlobalSection
	GlobalSection(ProjectConfigurationPlatforms) = postSolution
		{A723330E-4B4B-4175-884F-F979FD801780}.Debug|Any CPU.ActiveCfg = Debug|Any CPU
		{A723330E-4B4B-4175-884F-F979FD801780}.Debug|Any CPU.Build.0 = Debug|Any CPU
		{A723330E-4B4B-4175-884F-F979FD801780}.Debug|x64.ActiveCfg = Debug|Any CPU
		{A723330E-4B4B-4175-884F-F979FD801780}.Debug|x64.Build.0 = Debug|Any CPU
		{A723330E-4B4B-4175-884F-F979FD801780}.Debug|x86.ActiveCfg = Debug|Any CPU
		{A723330E-4B4B-4175-884F-F979FD801780}.Debug|x86.Build.0 = Debug|Any CPU
		{A723330E-4B4B-4175-884F-F979FD801780}.Release|Any CPU.ActiveCfg = Release|Any CPU
		{A723330E-4B4B-4175-884F-F979FD801780}.Release|Any CPU.Build.0 = Release|Any CPU
		{A723330E-4B4B-4175-884F-F979FD801780}.Release|x64.ActiveCfg = Release|Any CPU
		{A723330E-4B4B-4175-884F-F979FD801780}.Release|x64.Build.0 = Release|Any CPU
		{A723330E-4B4B-4175-884F-F979FD801780}.Release|x86.ActiveCfg = Release|Any CPU
		{A723330E-4B4B-4175-884F-F979FD801780}.Release|x86.Build.0 = Release|Any CPU
		{013E42A9-FA77-4EF5-8866-58D583B7645C}.Debug|Any CPU.ActiveCfg = Debug|Any CPU
		{013E42A9-FA77-4EF5-8866-58D583B7645C}.Debug|Any CPU.Build.0 = Debug|Any CPU
		{013E42A9-FA77-4EF5-8866-58D583B7645C}.Debug|x64.ActiveCfg = Debug|Any CPU
		{013E42A9-FA77-4EF5-8866-58D583B7645C}.Debug|x64.Build.0 = Debug|Any CPU
		{013E42A9-FA77-4EF5-8866-58D583B7645C}.Debug|x86.ActiveCfg = Debug|Any CPU
		{013E42A9-FA77-4EF5-8866-58D583B7645C}.Debug|x86.Build.0 = Debug|Any CPU
		{013E42A9-FA77-4EF5-8866-58D583B7645C}.Release|Any CPU.ActiveCfg = Release|Any CPU
		{013E42A9-FA77-4EF5-8866-58D583B7645C}.Release|Any CPU.Build.0 = Release|Any CPU
		{013E42A9-FA77-4EF5-8866-58D583B7645C}.Release|x64.ActiveCfg = Release|Any CPU
		{013E42A9-FA77-4EF5-8866-58D583B7645C}.Release|x64.Build.0 = Release|Any CPU
		{013E42A9-FA77-4EF5-8866-58D583B7645C}.Release|x86.ActiveCfg = Release|Any CPU
		{013E42A9-FA77-4EF5-8866-58D583B7645C}.Release|x86.Build.0 = Release|Any CPU
		{45670CB5-767C-4DE5-8DAA-836F6CB7CEB5}.Debug|Any CPU.ActiveCfg = Debug|Any CPU
		{45670CB5-767C-4DE5-8DAA-836F6CB7CEB5}.Debug|Any CPU.Build.0 = Debug|Any CPU
		{45670CB5-767C-4DE5-8DAA-836F6CB7CEB5}.Debug|x64.ActiveCfg = Debug|Any CPU
		{45670CB5-767C-4DE5-8DAA-836F6CB7CEB5}.Debug|x64.Build.0 = Debug|Any CPU
		{45670CB5-767C-4DE5-8DAA-836F6CB7CEB5}.Debug|x86.ActiveCfg = Debug|Any CPU
		{45670CB5-767C-4DE5-8DAA-836F6CB7CEB5}.Debug|x86.Build.0 = Debug|Any CPU
		{45670CB5-767C-4DE5-8DAA-836F6CB7CEB5}.Release|Any CPU.ActiveCfg = Release|Any CPU
		{45670CB5-767C-4DE5-8DAA-836F6CB7CEB5}.Release|Any CPU.Build.0 = Release|Any CPU
		{45670CB5-767C-4DE5-8DAA-836F6CB7CEB5}.Release|x64.ActiveCfg = Release|Any CPU
		{45670CB5-767C-4DE5-8DAA-836F6CB7CEB5}.Release|x64.Build.0 = Release|Any CPU
		{45670CB5-767C-4DE5-8DAA-836F6CB7CEB5}.Release|x86.ActiveCfg = Release|Any CPU
		{45670CB5-767C-4DE5-8DAA-836F6CB7CEB5}.Release|x86.Build.0 = Release|Any CPU
	EndGlobalSection
	GlobalSection(SolutionProperties) = preSolution
		HideSolutionNode = FALSE
	EndGlobalSection
	GlobalSection(NestedProjects) = preSolution
		{A723330E-4B4B-4175-884F-F979FD801780} = {827E0CD3-B72D-47B6-A68D-7590B98EB39B}
		{013E42A9-FA77-4EF5-8866-58D583B7645C} = {0AB3BF05-4346-4AA6-1389-037BE0695223}
		{45670CB5-767C-4DE5-8DAA-836F6CB7CEB5} = {827E0CD3-B72D-47B6-A68D-7590B98EB39B}
	EndGlobalSection
EndGlobal
